
Microsoft Visual Studio Solution File, Format Version 12.00
# Visual Studio Version 17
Project("{8BC9CEB8-8B4A-11D0-8D11-00A0C91BC942}") = "ALL_BUILD", "ALL_BUILD.vcxproj", "{938A0748-5B8F-3ECA-BA68-FEAE5DEC85E2}"
	ProjectSection(ProjectDependencies) = postProject
		{CC8440A8-FFE7-3CBB-8A6A-D4E41D90DE04} = {CC8440A8-FFE7-3CBB-8A6A-D4E41D90DE04}
		{19D45F0C-09A7-3EC2-9AE2-02BA088A6BF4} = {19D45F0C-09A7-3EC2-9AE2-02BA088A6BF4}
	EndProjectSection
EndProject
Project("{8BC9CEB8-8B4A-11D0-8D11-00A0C91BC942}") = "ConsoleApplication", "ConsoleApplication.vcxproj", "{CC8440A8-FFE7-3CBB-8A6A-D4E41D90DE04}"
	ProjectSection(ProjectDependencies) = postProject
		{19D45F0C-09A7-3EC2-9AE2-02BA088A6BF4} = {19D45F0C-09A7-3EC2-9AE2-02BA088A6BF4}
	EndProjectSection
EndProject
Project("{8BC9CEB8-8B4A-11D0-8D11-00A0C91BC942}") = "RUN_TESTS", "RUN_TESTS.vcxproj", "{7DA33BA9-0155-37D3-9257-6CDC569FDF1C}"
	ProjectSection(ProjectDependencies) = postProject
		{19D45F0C-09A7-3EC2-9AE2-02BA088A6BF4} = {19D45F0C-09A7-3EC2-9AE2-02BA088A6BF4}
	EndProjectSection
EndProject
Project("{8BC9CEB8-8B4A-11D0-8D11-00A0C91BC942}") = "ZERO_CHECK", "ZERO_CHECK.vcxproj", "{19D45F0C-09A7-3EC2-9AE2-02BA088A6BF4}"
	ProjectSection(ProjectDependencies) = postProject
	EndProjectSection
EndProject
Global
	GlobalSection(SolutionConfigurationPlatforms) = preSolution
		Debug|x64 = Debug|x64
		Release|x64 = Release|x64
		MinSizeRel|x64 = MinSizeRel|x64
		RelWithDebInfo|x64 = RelWithDebInfo|x64
	EndGlobalSection
	GlobalSection(ProjectConfigurationPlatforms) = postSolution
		{938A0748-5B8F-3ECA-BA68-FEAE5DEC85E2}.Debug|x64.ActiveCfg = Debug|x64
		{938A0748-5B8F-3ECA-BA68-FEAE5DEC85E2}.Release|x64.ActiveCfg = Release|x64
		{938A0748-5B8F-3ECA-BA68-FEAE5DEC85E2}.MinSizeRel|x64.ActiveCfg = MinSizeRel|x64
		{938A0748-5B8F-3ECA-BA68-FEAE5DEC85E2}.RelWithDebInfo|x64.ActiveCfg = RelWithDebInfo|x64
		{CC8440A8-FFE7-3CBB-8A6A-D4E41D90DE04}.Debug|x64.ActiveCfg = Debug|x64
		{CC8440A8-FFE7-3CBB-8A6A-D4E41D90DE04}.Debug|x64.Build.0 = Debug|x64
		{CC8440A8-FFE7-3CBB-8A6A-D4E41D90DE04}.Release|x64.ActiveCfg = Release|x64
		{CC8440A8-FFE7-3CBB-8A6A-D4E41D90DE04}.Release|x64.Build.0 = Release|x64
		{CC8440A8-FFE7-3CBB-8A6A-D4E41D90DE04}.MinSizeRel|x64.ActiveCfg = MinSizeRel|x64
		{CC8440A8-FFE7-3CBB-8A6A-D4E41D90DE04}.MinSizeRel|x64.Build.0 = MinSizeRel|x64
		{CC8440A8-FFE7-3CBB-8A6A-D4E41D90DE04}.RelWithDebInfo|x64.ActiveCfg = RelWithDebInfo|x64
		{CC8440A8-FFE7-3CBB-8A6A-D4E41D90DE04}.RelWithDebInfo|x64.Build.0 = RelWithDebInfo|x64
		{7DA33BA9-0155-37D3-9257-6CDC569FDF1C}.Debug|x64.ActiveCfg = Debug|x64
		{7DA33BA9-0155-37D3-9257-6CDC569FDF1C}.Release|x64.ActiveCfg = Release|x64
		{7DA33BA9-0155-37D3-9257-6CDC569FDF1C}.MinSizeRel|x64.ActiveCfg = MinSizeRel|x64
		{7DA33BA9-0155-37D3-9257-6CDC569FDF1C}.RelWithDebInfo|x64.ActiveCfg = RelWithDebInfo|x64
		{19D45F0C-09A7-3EC2-9AE2-02BA088A6BF4}.Debug|x64.ActiveCfg = Debug|x64
		{19D45F0C-09A7-3EC2-9AE2-02BA088A6BF4}.Debug|x64.Build.0 = Debug|x64
		{19D45F0C-09A7-3EC2-9AE2-02BA088A6BF4}.Release|x64.ActiveCfg = Release|x64
		{19D45F0C-09A7-3EC2-9AE2-02BA088A6BF4}.Release|x64.Build.0 = Release|x64
		{19D45F0C-09A7-3EC2-9AE2-02BA088A6BF4}.MinSizeRel|x64.ActiveCfg = MinSizeRel|x64
		{19D45F0C-09A7-3EC2-9AE2-02BA088A6BF4}.MinSizeRel|x64.Build.0 = MinSizeRel|x64
		{19D45F0C-09A7-3EC2-9AE2-02BA088A6BF4}.RelWithDebInfo|x64.ActiveCfg = RelWithDebInfo|x64
		{19D45F0C-09A7-3EC2-9AE2-02BA088A6BF4}.RelWithDebInfo|x64.Build.0 = RelWithDebInfo|x64
	EndGlobalSection
	GlobalSection(ExtensibilityGlobals) = postSolution
		SolutionGuid = {4AEA1DB4-ABF0-3396-8549-675B61E22B69}
	EndGlobalSection
	GlobalSection(ExtensibilityAddIns) = postSolution
	EndGlobalSection
EndGlobal
